
Microsoft Visual Studio Solution File, Format Version 12.00
# Visual Studio Version 16
VisualStudioVersion = 16.0.28809.33
MinimumVisualStudioVersion = 10.0.40219.1
Project("{FAE04EC0-301F-11D3-BF4B-00C04F79EFBC}") = "DataBridge", "DataBridge\DataBridge.csproj", "{EA55DF4F-84CA-46DD-A2E3-675DF5395752}"
EndProject
Global
	GlobalSection(SolutionConfigurationPlatforms) = preSolution
		Debug|Any CPU = Debug|Any CPU
		Release|Any CPU = Release|Any CPU
	EndGlobalSection
	GlobalSection(ProjectConfigurationPlatforms) = postSolution
		{EA55DF4F-84CA-46DD-A2E3-675DF5395752}.Debug|Any CPU.ActiveCfg = Debug|Any CPU
		{EA55DF4F-84CA-46DD-A2E3-675DF5395752}.Debug|Any CPU.Build.0 = Debug|Any CPU
		{EA55DF4F-84CA-46DD-A2E3-675DF5395752}.Release|Any CPU.ActiveCfg = Release|Any CPU
		{EA55DF4F-84CA-46DD-A2E3-675DF5395752}.Release|Any CPU.Build.0 = Release|Any CPU
	EndGlobalSection
	GlobalSection(SolutionProperties) = preSolution
		HideSolutionNode = FALSE
	EndGlobalSection
	GlobalSection(ExtensibilityGlobals) = postSolution
		SolutionGuid = {6E542F0F-D23D-4832-B29D-A484F96BA3CC}
	EndGlobalSection
EndGlobal
